
Microsoft Visual Studio Solution File, Format Version 12.00
# Visual Studio 15
VisualStudioVersion = 15.0.26430.12
MinimumVisualStudioVersion = 10.0.40219.1
Project("{FAE04EC0-301F-11D3-BF4B-00C04F79EFBC}") = "Ants", "Ants\Ants.csproj", "{22464B97-B11E-4545-835A-7C775289947B}"
EndProject
Project("{FAE04EC0-301F-11D3-BF4B-00C04F79EFBC}") = "Ants.Web", "Ants.Web\Ants.Web.csproj", "{EE515DF0-223C-4942-949D-99AB6D3225D1}"
EndProject
Project("{FAE04EC0-301F-11D3-BF4B-00C04F79EFBC}") = "Ants.Tests", "Ants.Tests\Ants.Tests.csproj", "{FA1D9238-89DE-48B5-89CB-8868A8094AB1}"
EndProject
Global
	GlobalSection(SolutionConfigurationPlatforms) = preSolution
		Debug|Any CPU = Debug|Any CPU
		Release|Any CPU = Release|Any CPU
	EndGlobalSection
	GlobalSection(ProjectConfigurationPlatforms) = postSolution
		{22464B97-B11E-4545-835A-7C775289947B}.Debug|Any CPU.ActiveCfg = Debug|Any CPU
		{22464B97-B11E-4545-835A-7C775289947B}.Debug|Any CPU.Build.0 = Debug|Any CPU
		{22464B97-B11E-4545-835A-7C775289947B}.Release|Any CPU.ActiveCfg = Release|Any CPU
		{22464B97-B11E-4545-835A-7C775289947B}.Release|Any CPU.Build.0 = Release|Any CPU
		{EE515DF0-223C-4942-949D-99AB6D3225D1}.Debug|Any CPU.ActiveCfg = Debug|Any CPU
		{EE515DF0-223C-4942-949D-99AB6D3225D1}.Debug|Any CPU.Build.0 = Debug|Any CPU
		{EE515DF0-223C-4942-949D-99AB6D3225D1}.Release|Any CPU.ActiveCfg = Release|Any CPU
		{EE515DF0-223C-4942-949D-99AB6D3225D1}.Release|Any CPU.Build.0 = Release|Any CPU
		{FA1D9238-89DE-48B5-89CB-8868A8094AB1}.Debug|Any CPU.ActiveCfg = Debug|Any CPU
		{FA1D9238-89DE-48B5-89CB-8868A8094AB1}.Debug|Any CPU.Build.0 = Debug|Any CPU
		{FA1D9238-89DE-48B5-89CB-8868A8094AB1}.Release|Any CPU.ActiveCfg = Release|Any CPU
		{FA1D9238-89DE-48B5-89CB-8868A8094AB1}.Release|Any CPU.Build.0 = Release|Any CPU
	EndGlobalSection
	GlobalSection(SolutionProperties) = preSolution
		HideSolutionNode = FALSE
	EndGlobalSection
EndGlobal
